
Microsoft Visual Studio Solution File, Format Version 12.00
# Visual Studio 15
Project("{FAE04EC0-301F-11D3-BF4B-00C04F79EFBC}") = "Assembly-CSharp", "Assembly-CSharp.csproj", "{5C2C9816-C2C8-4004-6D98-3469011DB429}"
EndProject
Global
	GlobalSection(SolutionConfigurationPlatforms) = preSolution
		Debug|Any CPU = Debug|Any CPU
		Release|Any CPU = Release|Any CPU
	EndGlobalSection
	GlobalSection(ProjectConfigurationPlatforms) = postSolution
		{5C2C9816-C2C8-4004-6D98-3469011DB429}.Debug|Any CPU.ActiveCfg = Debug|Any CPU
		{5C2C9816-C2C8-4004-6D98-3469011DB429}.Debug|Any CPU.Build.0 = Debug|Any CPU
		{5C2C9816-C2C8-4004-6D98-3469011DB429}.Release|Any CPU.ActiveCfg = Release|Any CPU
		{5C2C9816-C2C8-4004-6D98-3469011DB429}.Release|Any CPU.Build.0 = Release|Any CPU
	EndGlobalSection
	GlobalSection(SolutionProperties) = preSolution
		HideSolutionNode = FALSE
	EndGlobalSection
EndGlobal
